
Microsoft Visual Studio Solution File, Format Version 12.00
# Visual Studio 2012
Project("{D954291E-2A0B-460D-934E-DC6B0785DB48}") = "g8", "g8\g8.shproj", "{3B9DCC5A-4064-4DA7-B053-7D41818A576B}"
EndProject
Project("{FAE04EC0-301F-11D3-BF4B-00C04F79EFBC}") = "g8.iOS", "iOS\g8.iOS.csproj", "{8B697EAF-512A-4606-8F0D-2B836CDA1910}"
EndProject
Project("{FAE04EC0-301F-11D3-BF4B-00C04F79EFBC}") = "g8.Droid", "Droid\g8.Droid.csproj", "{BDEF81B0-E98B-4A2E-8811-A94B32D2D026}"
EndProject
Global
	GlobalSection(SolutionConfigurationPlatforms) = preSolution
		Debug|iPhoneSimulator = Debug|iPhoneSimulator
		Release|iPhone = Release|iPhone
		Release|iPhoneSimulator = Release|iPhoneSimulator
		Debug|iPhone = Debug|iPhone
		Debug|Any CPU = Debug|Any CPU
		Release|Any CPU = Release|Any CPU
	EndGlobalSection
	GlobalSection(ProjectConfigurationPlatforms) = postSolution
		{8B697EAF-512A-4606-8F0D-2B836CDA1910}.Debug|iPhoneSimulator.ActiveCfg = Debug|iPhoneSimulator
		{8B697EAF-512A-4606-8F0D-2B836CDA1910}.Debug|iPhoneSimulator.Build.0 = Debug|iPhoneSimulator
		{8B697EAF-512A-4606-8F0D-2B836CDA1910}.Release|iPhone.ActiveCfg = Release|iPhone
		{8B697EAF-512A-4606-8F0D-2B836CDA1910}.Release|iPhone.Build.0 = Release|iPhone
		{8B697EAF-512A-4606-8F0D-2B836CDA1910}.Release|iPhoneSimulator.ActiveCfg = Release|iPhoneSimulator
		{8B697EAF-512A-4606-8F0D-2B836CDA1910}.Release|iPhoneSimulator.Build.0 = Release|iPhoneSimulator
		{8B697EAF-512A-4606-8F0D-2B836CDA1910}.Debug|iPhone.ActiveCfg = Debug|iPhone
		{8B697EAF-512A-4606-8F0D-2B836CDA1910}.Debug|iPhone.Build.0 = Debug|iPhone
		{8B697EAF-512A-4606-8F0D-2B836CDA1910}.Debug|Any CPU.ActiveCfg = Debug|iPhoneSimulator
		{8B697EAF-512A-4606-8F0D-2B836CDA1910}.Debug|Any CPU.Build.0 = Debug|iPhoneSimulator
		{8B697EAF-512A-4606-8F0D-2B836CDA1910}.Release|Any CPU.ActiveCfg = Release|iPhone
		{8B697EAF-512A-4606-8F0D-2B836CDA1910}.Release|Any CPU.Build.0 = Release|iPhone
		{BDEF81B0-E98B-4A2E-8811-A94B32D2D026}.Debug|iPhoneSimulator.ActiveCfg = Debug|Any CPU
		{BDEF81B0-E98B-4A2E-8811-A94B32D2D026}.Debug|iPhoneSimulator.Build.0 = Debug|Any CPU
		{BDEF81B0-E98B-4A2E-8811-A94B32D2D026}.Release|iPhone.ActiveCfg = Release|Any CPU
		{BDEF81B0-E98B-4A2E-8811-A94B32D2D026}.Release|iPhone.Build.0 = Release|Any CPU
		{BDEF81B0-E98B-4A2E-8811-A94B32D2D026}.Release|iPhoneSimulator.ActiveCfg = Release|Any CPU
		{BDEF81B0-E98B-4A2E-8811-A94B32D2D026}.Release|iPhoneSimulator.Build.0 = Release|Any CPU
		{BDEF81B0-E98B-4A2E-8811-A94B32D2D026}.Debug|iPhone.ActiveCfg = Debug|Any CPU
		{BDEF81B0-E98B-4A2E-8811-A94B32D2D026}.Debug|iPhone.Build.0 = Debug|Any CPU
		{BDEF81B0-E98B-4A2E-8811-A94B32D2D026}.Debug|Any CPU.ActiveCfg = Debug|Any CPU
		{BDEF81B0-E98B-4A2E-8811-A94B32D2D026}.Debug|Any CPU.Build.0 = Debug|Any CPU
		{BDEF81B0-E98B-4A2E-8811-A94B32D2D026}.Release|Any CPU.ActiveCfg = Release|Any CPU
		{BDEF81B0-E98B-4A2E-8811-A94B32D2D026}.Release|Any CPU.Build.0 = Release|Any CPU
	EndGlobalSection
EndGlobal
